
Microsoft Visual Studio Solution File, Format Version 12.00
# Visual Studio 14
VisualStudioVersion = 14.0.25420.1
MinimumVisualStudioVersion = 10.0.40219.1
Project("{FAE04EC0-301F-11D3-BF4B-00C04F79EFBC}") = "Tarea2Bases", "Tarea2Bases\Tarea2Bases.csproj", "{B66B549E-B2B4-4314-8286-18CAB94636DF}"
EndProject
Project("{FAE04EC0-301F-11D3-BF4B-00C04F79EFBC}") = "Domain", "Domain\Domain.csproj", "{67D3009A-E487-4A86-91F5-34FD5E4FD8B6}"
EndProject
Project("{FAE04EC0-301F-11D3-BF4B-00C04F79EFBC}") = "Data", "Data\Data.csproj", "{72025E4F-1D26-4014-A05D-48BD1604173C}"
EndProject
Project("{FAE04EC0-301F-11D3-BF4B-00C04F79EFBC}") = "Business", "Business\Business.csproj", "{05D7548C-ADEA-4172-8E10-FCC5AF922B0D}"
EndProject
Global
	GlobalSection(SolutionConfigurationPlatforms) = preSolution
		Debug|Any CPU = Debug|Any CPU
		Release|Any CPU = Release|Any CPU
	EndGlobalSection
	GlobalSection(ProjectConfigurationPlatforms) = postSolution
		{B66B549E-B2B4-4314-8286-18CAB94636DF}.Debug|Any CPU.ActiveCfg = Debug|Any CPU
		{B66B549E-B2B4-4314-8286-18CAB94636DF}.Debug|Any CPU.Build.0 = Debug|Any CPU
		{B66B549E-B2B4-4314-8286-18CAB94636DF}.Release|Any CPU.ActiveCfg = Release|Any CPU
		{B66B549E-B2B4-4314-8286-18CAB94636DF}.Release|Any CPU.Build.0 = Release|Any CPU
		{67D3009A-E487-4A86-91F5-34FD5E4FD8B6}.Debug|Any CPU.ActiveCfg = Debug|Any CPU
		{67D3009A-E487-4A86-91F5-34FD5E4FD8B6}.Debug|Any CPU.Build.0 = Debug|Any CPU
		{67D3009A-E487-4A86-91F5-34FD5E4FD8B6}.Release|Any CPU.ActiveCfg = Release|Any CPU
		{67D3009A-E487-4A86-91F5-34FD5E4FD8B6}.Release|Any CPU.Build.0 = Release|Any CPU
		{72025E4F-1D26-4014-A05D-48BD1604173C}.Debug|Any CPU.ActiveCfg = Debug|Any CPU
		{72025E4F-1D26-4014-A05D-48BD1604173C}.Debug|Any CPU.Build.0 = Debug|Any CPU
		{72025E4F-1D26-4014-A05D-48BD1604173C}.Release|Any CPU.ActiveCfg = Release|Any CPU
		{72025E4F-1D26-4014-A05D-48BD1604173C}.Release|Any CPU.Build.0 = Release|Any CPU
		{05D7548C-ADEA-4172-8E10-FCC5AF922B0D}.Debug|Any CPU.ActiveCfg = Debug|Any CPU
		{05D7548C-ADEA-4172-8E10-FCC5AF922B0D}.Debug|Any CPU.Build.0 = Debug|Any CPU
		{05D7548C-ADEA-4172-8E10-FCC5AF922B0D}.Release|Any CPU.ActiveCfg = Release|Any CPU
		{05D7548C-ADEA-4172-8E10-FCC5AF922B0D}.Release|Any CPU.Build.0 = Release|Any CPU
	EndGlobalSection
	GlobalSection(SolutionProperties) = preSolution
		HideSolutionNode = FALSE
	EndGlobalSection
EndGlobal
