
Microsoft Visual Studio Solution File, Format Version 12.00
# Visual Studio 14
VisualStudioVersion = 14.0.25420.1
MinimumVisualStudioVersion = 10.0.40219.1
Project("{FAE04EC0-301F-11D3-BF4B-00C04F79EFBC}") = "Proyecto2RentCar", "Proyecto2RentCar\Proyecto2RentCar.csproj", "{CAD445E5-7395-4E0F-886E-418E3B72F36F}"
EndProject
Project("{FAE04EC0-301F-11D3-BF4B-00C04F79EFBC}") = "Domain", "Domain\Domain.csproj", "{53558571-0478-4208-99B3-429CC4C93093}"
EndProject
Project("{FAE04EC0-301F-11D3-BF4B-00C04F79EFBC}") = "Data", "Data\Data.csproj", "{0BA5FCEE-E1CF-49A5-940C-B75D016E75D7}"
EndProject
Project("{FAE04EC0-301F-11D3-BF4B-00C04F79EFBC}") = "Business", "Business\Business.csproj", "{AB75AAFA-96A4-45E1-860B-962BAAD9B872}"
EndProject
Global
	GlobalSection(SolutionConfigurationPlatforms) = preSolution
		Debug|Any CPU = Debug|Any CPU
		Release|Any CPU = Release|Any CPU
	EndGlobalSection
	GlobalSection(ProjectConfigurationPlatforms) = postSolution
		{CAD445E5-7395-4E0F-886E-418E3B72F36F}.Debug|Any CPU.ActiveCfg = Debug|Any CPU
		{CAD445E5-7395-4E0F-886E-418E3B72F36F}.Debug|Any CPU.Build.0 = Debug|Any CPU
		{CAD445E5-7395-4E0F-886E-418E3B72F36F}.Release|Any CPU.ActiveCfg = Release|Any CPU
		{CAD445E5-7395-4E0F-886E-418E3B72F36F}.Release|Any CPU.Build.0 = Release|Any CPU
		{53558571-0478-4208-99B3-429CC4C93093}.Debug|Any CPU.ActiveCfg = Debug|Any CPU
		{53558571-0478-4208-99B3-429CC4C93093}.Debug|Any CPU.Build.0 = Debug|Any CPU
		{53558571-0478-4208-99B3-429CC4C93093}.Release|Any CPU.ActiveCfg = Release|Any CPU
		{53558571-0478-4208-99B3-429CC4C93093}.Release|Any CPU.Build.0 = Release|Any CPU
		{0BA5FCEE-E1CF-49A5-940C-B75D016E75D7}.Debug|Any CPU.ActiveCfg = Debug|Any CPU
		{0BA5FCEE-E1CF-49A5-940C-B75D016E75D7}.Debug|Any CPU.Build.0 = Debug|Any CPU
		{0BA5FCEE-E1CF-49A5-940C-B75D016E75D7}.Release|Any CPU.ActiveCfg = Release|Any CPU
		{0BA5FCEE-E1CF-49A5-940C-B75D016E75D7}.Release|Any CPU.Build.0 = Release|Any CPU
		{AB75AAFA-96A4-45E1-860B-962BAAD9B872}.Debug|Any CPU.ActiveCfg = Debug|Any CPU
		{AB75AAFA-96A4-45E1-860B-962BAAD9B872}.Debug|Any CPU.Build.0 = Debug|Any CPU
		{AB75AAFA-96A4-45E1-860B-962BAAD9B872}.Release|Any CPU.ActiveCfg = Release|Any CPU
		{AB75AAFA-96A4-45E1-860B-962BAAD9B872}.Release|Any CPU.Build.0 = Release|Any CPU
	EndGlobalSection
	GlobalSection(SolutionProperties) = preSolution
		HideSolutionNode = FALSE
	EndGlobalSection
EndGlobal
